// !$*UTF8*$!
{
	archiveVersion = 1;
	classes = {
	};
	objectVersion = 55;
	objects = {

/* Begin PBXBuildFile section */
		9DC04C6B27EE39A0001BE43A /* AppDelegate.swift in Sources */ = {isa = PBXBuildFile; fileRef = 9DC04C6A27EE39A0001BE43A /* AppDelegate.swift */; };
		9DC04C6F27EE39A0001BE43A /* ViewController.swift in Sources */ = {isa = PBXBuildFile; fileRef = 9DC04C6E27EE39A0001BE43A /* ViewController.swift */; };
		9DC04C7227EE39A0001BE43A /* Main.storyboard in Resources */ = {isa = PBXBuildFile; fileRef = 9DC04C7027EE39A0001BE43A /* Main.storyboard */; };
		9DC04C7427EE39A1001BE43A /* Assets.xcassets in Resources */ = {isa = PBXBuildFile; fileRef = 9DC04C7327EE39A1001BE43A /* Assets.xcassets */; };
		9DC04C7727EE39A1001BE43A /* LaunchScreen.storyboard in Resources */ = {isa = PBXBuildFile; fileRef = 9DC04C7527EE39A1001BE43A /* LaunchScreen.storyboard */; };
		9DC04C8127EF1762001BE43A /* Presenter.swift in Sources */ = {isa = PBXBuildFile; fileRef = 9DC04C8027EF1762001BE43A /* Presenter.swift */; };
		9DC04C8327EF1C69001BE43A /* Measurement.swift in Sources */ = {isa = PBXBuildFile; fileRef = 9DC04C8227EF1C69001BE43A /* Measurement.swift */; };
		9DC04C8527EF5768001BE43A /* DataBase.swift in Sources */ = {isa = PBXBuildFile; fileRef = 9DC04C8427EF5768001BE43A /* DataBase.swift */; };
		9DC04C8B27EF6C44001BE43A /* MeasureTableViewCell.swift in Sources */ = {isa = PBXBuildFile; fileRef = 9DC04C8927EF6C44001BE43A /* MeasureTableViewCell.swift */; };
		9DC04C8C27EF6C44001BE43A /* MeasureTableViewCell.xib in Resources */ = {isa = PBXBuildFile; fileRef = 9DC04C8A27EF6C44001BE43A /* MeasureTableViewCell.xib */; };
/* End PBXBuildFile section */

/* Begin PBXFileReference section */
		9DC04C6727EE39A0001BE43A /* Dark Matter.app */ = {isa = PBXFileReference; explicitFileType = wrapper.application; includeInIndex = 0; path = "Dark Matter.app"; sourceTree = BUILT_PRODUCTS_DIR; };
		9DC04C6A27EE39A0001BE43A /* AppDelegate.swift */ = {isa = PBXFileReference; lastKnownFileType = sourcecode.swift; path = AppDelegate.swift; sourceTree = "<group>"; };
		9DC04C6E27EE39A0001BE43A /* ViewController.swift */ = {isa = PBXFileReference; lastKnownFileType = sourcecode.swift; path = ViewController.swift; sourceTree = "<group>"; };
		9DC04C7127EE39A0001BE43A /* Base */ = {isa = PBXFileReference; lastKnownFileType = file.storyboard; name = Base; path = Base.lproj/Main.storyboard; sourceTree = "<group>"; };
		9DC04C7327EE39A1001BE43A /* Assets.xcassets */ = {isa = PBXFileReference; lastKnownFileType = folder.assetcatalog; path = Assets.xcassets; sourceTree = "<group>"; };
		9DC04C7627EE39A1001BE43A /* Base */ = {isa = PBXFileReference; lastKnownFileType = file.storyboard; name = Base; path = Base.lproj/LaunchScreen.storyboard; sourceTree = "<group>"; };
		9DC04C7827EE39A1001BE43A /* Info.plist */ = {isa = PBXFileReference; lastKnownFileType = text.plist.xml; path = Info.plist; sourceTree = "<group>"; };
		9DC04C8027EF1762001BE43A /* Presenter.swift */ = {isa = PBXFileReference; lastKnownFileType = sourcecode.swift; path = Presenter.swift; sourceTree = "<group>"; };
		9DC04C8227EF1C69001BE43A /* Measurement.swift */ = {isa = PBXFileReference; lastKnownFileType = sourcecode.swift; path = Measurement.swift; sourceTree = "<group>"; };
		9DC04C8427EF5768001BE43A /* DataBase.swift */ = {isa = PBXFileReference; lastKnownFileType = sourcecode.swift; path = DataBase.swift; sourceTree = "<group>"; };
		9DC04C8927EF6C44001BE43A /* MeasureTableViewCell.swift */ = {isa = PBXFileReference; lastKnownFileType = sourcecode.swift; path = MeasureTableViewCell.swift; sourceTree = "<group>"; };
		9DC04C8A27EF6C44001BE43A /* MeasureTableViewCell.xib */ = {isa = PBXFileReference; lastKnownFileType = file.xib; path = MeasureTableViewCell.xib; sourceTree = "<group>"; };
/* End PBXFileReference section */

/* Begin PBXFrameworksBuildPhase section */
		9DC04C6427EE39A0001BE43A /* Frameworks */ = {
			isa = PBXFrameworksBuildPhase;
			buildActionMask = 2147483647;
			files = (
			);
			runOnlyForDeploymentPostprocessing = 0;
		};
/* End PBXFrameworksBuildPhase section */

/* Begin PBXGroup section */
		9DC04C5E27EE39A0001BE43A = {
			isa = PBXGroup;
			children = (
				9DC04C6927EE39A0001BE43A /* Dark Matter */,
				9DC04C6827EE39A0001BE43A /* Products */,
			);
			sourceTree = "<group>";
		};
		9DC04C6827EE39A0001BE43A /* Products */ = {
			isa = PBXGroup;
			children = (
				9DC04C6727EE39A0001BE43A /* Dark Matter.app */,
			);
			name = Products;
			sourceTree = "<group>";
		};
		9DC04C6927EE39A0001BE43A /* Dark Matter */ = {
			isa = PBXGroup;
			children = (
				9DC04C8827EF6B80001BE43A /* Presenter */,
				9DC04C8727EF6B78001BE43A /* View */,
				9DC04C8627EF6B70001BE43A /* Model */,
				9DC04C7027EE39A0001BE43A /* Main.storyboard */,
				9DC04C8927EF6C44001BE43A /* MeasureTableViewCell.swift */,
				9DC04C8A27EF6C44001BE43A /* MeasureTableViewCell.xib */,
				9DC04C7327EE39A1001BE43A /* Assets.xcassets */,
				9DC04C7527EE39A1001BE43A /* LaunchScreen.storyboard */,
				9DC04C7827EE39A1001BE43A /* Info.plist */,
				9DC04C6A27EE39A0001BE43A /* AppDelegate.swift */,
			);
			path = "Dark Matter";
			sourceTree = "<group>";
		};
		9DC04C8627EF6B70001BE43A /* Model */ = {
			isa = PBXGroup;
			children = (
				9DC04C8227EF1C69001BE43A /* Measurement.swift */,
				9DC04C8427EF5768001BE43A /* DataBase.swift */,
			);
			path = Model;
			sourceTree = "<group>";
		};
		9DC04C8727EF6B78001BE43A /* View */ = {
			isa = PBXGroup;
			children = (
				9DC04C6E27EE39A0001BE43A /* ViewController.swift */,
			);
			path = View;
			sourceTree = "<group>";
		};
		9DC04C8827EF6B80001BE43A /* Presenter */ = {
			isa = PBXGroup;
			children = (
				9DC04C8027EF1762001BE43A /* Presenter.swift */,
			);
			path = Presenter;
			sourceTree = "<group>";
		};
/* End PBXGroup section */

/* Begin PBXNativeTarget section */
		9DC04C6627EE39A0001BE43A /* Dark Matter */ = {
			isa = PBXNativeTarget;
			buildConfigurationList = 9DC04C7B27EE39A1001BE43A /* Build configuration list for PBXNativeTarget "Dark Matter" */;
			buildPhases = (
				9DC04C6327EE39A0001BE43A /* Sources */,
				9DC04C6427EE39A0001BE43A /* Frameworks */,
				9DC04C6527EE39A0001BE43A /* Resources */,
			);
			buildRules = (
			);
			dependencies = (
			);
			name = "Dark Matter";
			productName = "Dark Matter";
			productReference = 9DC04C6727EE39A0001BE43A /* Dark Matter.app */;
			productType = "com.apple.product-type.application";
		};
/* End PBXNativeTarget section */

/* Begin PBXProject section */
		9DC04C5F27EE39A0001BE43A /* Project object */ = {
			isa = PBXProject;
			attributes = {
				BuildIndependentTargetsInParallel = 1;
				LastSwiftUpdateCheck = 1320;
				LastUpgradeCheck = 1320;
				TargetAttributes = {
					9DC04C6627EE39A0001BE43A = {
						CreatedOnToolsVersion = 13.2.1;
					};
				};
			};
			buildConfigurationList = 9DC04C6227EE39A0001BE43A /* Build configuration list for PBXProject "Dark Matter" */;
			compatibilityVersion = "Xcode 13.0";
			developmentRegion = en;
			hasScannedForEncodings = 0;
			knownRegions = (
				en,
				Base,
			);
			mainGroup = 9DC04C5E27EE39A0001BE43A;
			productRefGroup = 9DC04C6827EE39A0001BE43A /* Products */;
			projectDirPath = "";
			projectRoot = "";
			targets = (
				9DC04C6627EE39A0001BE43A /* Dark Matter */,
			);
		};
/* End PBXProject section */

/* Begin PBXResourcesBuildPhase section */
		9DC04C6527EE39A0001BE43A /* Resources */ = {
			isa = PBXResourcesBuildPhase;
			buildActionMask = 2147483647;
			files = (
				9DC04C7727EE39A1001BE43A /* LaunchScreen.storyboard in Resources */,
				9DC04C7427EE39A1001BE43A /* Assets.xcassets in Resources */,
				9DC04C8C27EF6C44001BE43A /* MeasureTableViewCell.xib in Resources */,
				9DC04C7227EE39A0001BE43A /* Main.storyboard in Resources */,
			);
			runOnlyForDeploymentPostprocessing = 0;
		};
/* End PBXResourcesBuildPhase section */

/* Begin PBXSourcesBuildPhase section */
		9DC04C6327EE39A0001BE43A /* Sources */ = {
			isa = PBXSourcesBuildPhase;
			buildActionMask = 2147483647;
			files = (
				9DC04C8B27EF6C44001BE43A /* MeasureTableViewCell.swift in Sources */,
				9DC04C8527EF5768001BE43A /* DataBase.swift in Sources */,
				9DC04C6F27EE39A0001BE43A /* ViewController.swift in Sources */,
				9DC04C8327EF1C69001BE43A /* Measurement.swift in Sources */,
				9DC04C8127EF1762001BE43A /* Presenter.swift in Sources */,
				9DC04C6B27EE39A0001BE43A /* AppDelegate.swift in Sources */,
			);
			runOnlyForDeploymentPostprocessing = 0;
		};
/* End PBXSourcesBuildPhase section */

/* Begin PBXVariantGroup section */
		9DC04C7027EE39A0001BE43A /* Main.storyboard */ = {
			isa = PBXVariantGroup;
			children = (
				9DC04C7127EE39A0001BE43A /* Base */,
			);
			name = Main.storyboard;
			sourceTree = "<group>";
		};
		9DC04C7527EE39A1001BE43A /* LaunchScreen.storyboard */ = {
			isa = PBXVariantGroup;
			children = (
				9DC04C7627EE39A1001BE43A /* Base */,
			);
			name = LaunchScreen.storyboard;
			sourceTree = "<group>";
		};
/* End PBXVariantGroup section */

/* Begin XCBuildConfiguration section */
		9DC04C7927EE39A1001BE43A /* Debug */ = {
			isa = XCBuildConfiguration;
			buildSettings = {
				ALWAYS_SEARCH_USER_PATHS = NO;
				CLANG_ANALYZER_NONNULL = YES;
				CLANG_ANALYZER_NUMBER_OBJECT_CONVERSION = YES_AGGRESSIVE;
				CLANG_CXX_LANGUAGE_STANDARD = "gnu++17";
				CLANG_CXX_LIBRARY = "libc++";
				CLANG_ENABLE_MODULES = YES;
				CLANG_ENABLE_OBJC_ARC = YES;
				CLANG_ENABLE_OBJC_WEAK = YES;
				CLANG_WARN_BLOCK_CAPTURE_AUTORELEASING = YES;
				CLANG_WARN_BOOL_CONVERSION = YES;
				CLANG_WARN_COMMA = YES;
				CLANG_WARN_CONSTANT_CONVERSION = YES;
				CLANG_WARN_DEPRECATED_OBJC_IMPLEMENTATIONS = YES;
				CLANG_WARN_DIRECT_OBJC_ISA_USAGE = YES_ERROR;
				CLANG_WARN_DOCUMENTATION_COMMENTS = YES;
				CLANG_WARN_EMPTY_BODY = YES;
				CLANG_WARN_ENUM_CONVERSION = YES;
				CLANG_WARN_INFINITE_RECURSION = YES;
				CLANG_WARN_INT_CONVERSION = YES;
				CLANG_WARN_NON_LITERAL_NULL_CONVERSION = YES;
				CLANG_WARN_OBJC_IMPLICIT_RETAIN_SELF = YES;
				CLANG_WARN_OBJC_LITERAL_CONVERSION = YES;
				CLANG_WARN_OBJC_ROOT_CLASS = YES_ERROR;
				CLANG_WARN_QUOTED_INCLUDE_IN_FRAMEWORK_HEADER = YES;
				CLANG_WARN_RANGE_LOOP_ANALYSIS = YES;
				CLANG_WARN_STRICT_PROTOTYPES = YES;
				CLANG_WARN_SUSPICIOUS_MOVE = YES;
				CLANG_WARN_UNGUARDED_AVAILABILITY = YES_AGGRESSIVE;
				CLANG_WARN_UNREACHABLE_CODE = YES;
				CLANG_WARN__DUPLICATE_METHOD_MATCH = YES;
				COPY_PHASE_STRIP = NO;
				DEBUG_INFORMATION_FORMAT = dwarf;
				ENABLE_STRICT_OBJC_MSGSEND = YES;
				ENABLE_TESTABILITY = YES;
				GCC_C_LANGUAGE_STANDARD = gnu11;
				GCC_DYNAMIC_NO_PIC = NO;
				GCC_NO_COMMON_BLOCKS = YES;
				GCC_OPTIMIZATION_LEVEL = 0;
				GCC_PREPROCESSOR_DEFINITIONS = (
					"DEBUG=1",
					"$(inherited)",
				);
				GCC_WARN_64_TO_32_BIT_CONVERSION = YES;
				GCC_WARN_ABOUT_RETURN_TYPE = YES_ERROR;
				GCC_WARN_UNDECLARED_SELECTOR = YES;
				GCC_WARN_UNINITIALIZED_AUTOS = YES_AGGRESSIVE;
				GCC_WARN_UNUSED_FUNCTION = YES;
				GCC_WARN_UNUSED_VARIABLE = YES;
				IPHONEOS_DEPLOYMENT_TARGET = 13.0;
				MTL_ENABLE_DEBUG_INFO = INCLUDE_SOURCE;
				MTL_FAST_MATH = YES;
				ONLY_ACTIVE_ARCH = YES;
				SDKROOT = iphoneos;
				SWIFT_ACTIVE_COMPILATION_CONDITIONS = DEBUG;
				SWIFT_OPTIMIZATION_LEVEL = "-Onone";
			};
			name = Debug;
		};
		9DC04C7A27EE39A1001BE43A /* Release */ = {
			isa = XCBuildConfiguration;
			buildSettings = {
				ALWAYS_SEARCH_USER_PATHS = NO;
				CLANG_ANALYZER_NONNULL = YES;
				CLANG_ANALYZER_NUMBER_OBJECT_CONVERSION = YES_AGGRESSIVE;
				CLANG_CXX_LANGUAGE_STANDARD = "gnu++17";
				CLANG_CXX_LIBRARY = "libc++";
				CLANG_ENABLE_MODULES = YES;
				CLANG_ENABLE_OBJC_ARC = YES;
				CLANG_ENABLE_OBJC_WEAK = YES;
				CLANG_WARN_BLOCK_CAPTURE_AUTORELEASING = YES;
				CLANG_WARN_BOOL_CONVERSION = YES;
				CLANG_WARN_COMMA = YES;
				CLANG_WARN_CONSTANT_CONVERSION = YES;
				CLANG_WARN_DEPRECATED_OBJC_IMPLEMENTATIONS = YES;
				CLANG_WARN_DIRECT_OBJC_ISA_USAGE = YES_ERROR;
				CLANG_WARN_DOCUMENTATION_COMMENTS = YES;
				CLANG_WARN_EMPTY_BODY = YES;
				CLANG_WARN_ENUM_CONVERSION = YES;
				CLANG_WARN_INFINITE_RECURSION = YES;
				CLANG_WARN_INT_CONVERSION = YES;
				CLANG_WARN_NON_LITERAL_NULL_CONVERSION = YES;
				CLANG_WARN_OBJC_IMPLICIT_RETAIN_SELF = YES;
				CLANG_WARN_OBJC_LITERAL_CONVERSION = YES;
				CLANG_WARN_OBJC_ROOT_CLASS = YES_ERROR;
				CLANG_WARN_QUOTED_INCLUDE_IN_FRAMEWORK_HEADER = YES;
				CLANG_WARN_RANGE_LOOP_ANALYSIS = YES;
				CLANG_WARN_STRICT_PROTOTYPES = YES;
				CLANG_WARN_SUSPICIOUS_MOVE = YES;
				CLANG_WARN_UNGUARDED_AVAILABILITY = YES_AGGRESSIVE;
				CLANG_WARN_UNREACHABLE_CODE = YES;
				CLANG_WARN__DUPLICATE_METHOD_MATCH = YES;
				COPY_PHASE_STRIP = NO;
				DEBUG_INFORMATION_FORMAT = "dwarf-with-dsym";
				ENABLE_NS_ASSERTIONS = NO;
				ENABLE_STRICT_OBJC_MSGSEND = YES;
				GCC_C_LANGUAGE_STANDARD = gnu11;
				GCC_NO_COMMON_BLOCKS = YES;
				GCC_WARN_64_TO_32_BIT_CONVERSION = YES;
				GCC_WARN_ABOUT_RETURN_TYPE = YES_ERROR;
				GCC_WARN_UNDECLARED_SELECTOR = YES;
				GCC_WARN_UNINITIALIZED_AUTOS = YES_AGGRESSIVE;
				GCC_WARN_UNUSED_FUNCTION = YES;
				GCC_WARN_UNUSED_VARIABLE = YES;
				IPHONEOS_DEPLOYMENT_TARGET = 13.0;
				MTL_ENABLE_DEBUG_INFO = NO;
				MTL_FAST_MATH = YES;
				SDKROOT = iphoneos;
				SWIFT_COMPILATION_MODE = wholemodule;
				SWIFT_OPTIMIZATION_LEVEL = "-O";
				VALIDATE_PRODUCT = YES;
			};
			name = Release;
		};
		9DC04C7C27EE39A1001BE43A /* Debug */ = {
			isa = XCBuildConfiguration;
			buildSettings = {
				ASSETCATALOG_COMPILER_APPICON_NAME = AppIcon;
				ASSETCATALOG_COMPILER_GLOBAL_ACCENT_COLOR_NAME = AccentColor;
				CODE_SIGN_STYLE = Automatic;
				CURRENT_PROJECT_VERSION = 1;
				DEVELOPMENT_TEAM = 89JF3PN7PL;
				GENERATE_INFOPLIST_FILE = YES;
				INFOPLIST_FILE = "Dark Matter/Info.plist";
				INFOPLIST_KEY_UIApplicationSupportsIndirectInputEvents = YES;
				INFOPLIST_KEY_UILaunchStoryboardName = LaunchScreen;
				INFOPLIST_KEY_UIMainStoryboardFile = Main;
				INFOPLIST_KEY_UISupportedInterfaceOrientations = UIInterfaceOrientationPortrait;
				INFOPLIST_KEY_UISupportedInterfaceOrientations_iPad = "UIInterfaceOrientationPortrait UIInterfaceOrientationPortraitUpsideDown UIInterfaceOrientationLandscapeLeft UIInterfaceOrientationLandscapeRight";
				INFOPLIST_KEY_UISupportedInterfaceOrientations_iPhone = "UIInterfaceOrientationPortrait UIInterfaceOrientationLandscapeLeft UIInterfaceOrientationLandscapeRight";
				INFOPLIST_KEY_UIUserInterfaceStyle = Dark;
				IPHONEOS_DEPLOYMENT_TARGET = 13.0;
				LD_RUNPATH_SEARCH_PATHS = (
					"$(inherited)",
					"@executable_path/Frameworks",
				);
				MARKETING_VERSION = 1.0;
				PRODUCT_BUNDLE_IDENTIFIER = "ru.vanzay.Dark-Matter";
				PRODUCT_NAME = "$(TARGET_NAME)";
				SWIFT_EMIT_LOC_STRINGS = YES;
				SWIFT_VERSION = 5.0;
				TARGETED_DEVICE_FAMILY = 1;
			};
			name = Debug;
		};
		9DC04C7D27EE39A1001BE43A /* Release */ = {
			isa = XCBuildConfiguration;
			buildSettings = {
				ASSETCATALOG_COMPILER_APPICON_NAME = AppIcon;
				ASSETCATALOG_COMPILER_GLOBAL_ACCENT_COLOR_NAME = AccentColor;
				CODE_SIGN_STYLE = Automatic;
				CURRENT_PROJECT_VERSION = 1;
				DEVELOPMENT_TEAM = 89JF3PN7PL;
				GENERATE_INFOPLIST_FILE = YES;
				INFOPLIST_FILE = "Dark Matter/Info.plist";
				INFOPLIST_KEY_UIApplicationSupportsIndirectInputEvents = YES;
				INFOPLIST_KEY_UILaunchStoryboardName = LaunchScreen;
				INFOPLIST_KEY_UIMainStoryboardFile = Main;
				INFOPLIST_KEY_UISupportedInterfaceOrientations = UIInterfaceOrientationPortrait;
				INFOPLIST_KEY_UISupportedInterfaceOrientations_iPad = "UIInterfaceOrientationPortrait UIInterfaceOrientationPortraitUpsideDown UIInterfaceOrientationLandscapeLeft UIInterfaceOrientationLandscapeRight";
				INFOPLIST_KEY_UISupportedInterfaceOrientations_iPhone = "UIInterfaceOrientationPortrait UIInterfaceOrientationLandscapeLeft UIInterfaceOrientationLandscapeRight";
				INFOPLIST_KEY_UIUserInterfaceStyle = Dark;
				IPHONEOS_DEPLOYMENT_TARGET = 13.0;
				LD_RUNPATH_SEARCH_PATHS = (
					"$(inherited)",
					"@executable_path/Frameworks",
				);
				MARKETING_VERSION = 1.0;
				PRODUCT_BUNDLE_IDENTIFIER = "ru.vanzay.Dark-Matter";
				PRODUCT_NAME = "$(TARGET_NAME)";
				SWIFT_EMIT_LOC_STRINGS = YES;
				SWIFT_VERSION = 5.0;
				TARGETED_DEVICE_FAMILY = 1;
			};
			name = Release;
		};
/* End XCBuildConfiguration section */

/* Begin XCConfigurationList section */
		9DC04C6227EE39A0001BE43A /* Build configuration list for PBXProject "Dark Matter" */ = {
			isa = XCConfigurationList;
			buildConfigurations = (
				9DC04C7927EE39A1001BE43A /* Debug */,
				9DC04C7A27EE39A1001BE43A /* Release */,
			);
			defaultConfigurationIsVisible = 0;
			defaultConfigurationName = Release;
		};
		9DC04C7B27EE39A1001BE43A /* Build configuration list for PBXNativeTarget "Dark Matter" */ = {
			isa = XCConfigurationList;
			buildConfigurations = (
				9DC04C7C27EE39A1001BE43A /* Debug */,
				9DC04C7D27EE39A1001BE43A /* Release */,
			);
			defaultConfigurationIsVisible = 0;
			defaultConfigurationName = Release;
		};
/* End XCConfigurationList section */
	};
	rootObject = 9DC04C5F27EE39A0001BE43A /* Project object */;
}
